<?xml version="1.0" encoding="utf-8"?>
<Project ToolsVersion="4.0" xmlns="http://schemas.microsoft.com/developer/msbuild/2003">
  <ItemGroup>
    <Filter Include="win32">
      <UniqueIdentifier>{84a8ebd7-7cf0-47f6-b75e-d441df67da40}</UniqueIdentifier>
    </Filter>
    <Filter Include="Classes">
      <UniqueIdentifier>{bb6c862e-70e9-49d9-81b7-3829a6f50471}</UniqueIdentifier>
    </Filter>
    <Filter Include="resource">
      <UniqueIdentifier>{715254bc-d70b-4ec5-bf29-467dd3ace079}</UniqueIdentifier>
    </Filter>
    <Filter Include="Classes\Level">
      <UniqueIdentifier>{993d88e8-8e1e-4cf8-98c3-b3213242945d}</UniqueIdentifier>
    </Filter>
    <Filter Include="Classes\Level\Enemy">
      <UniqueIdentifier>{d887cd3c-fde1-4b7a-9540-06d8aa2fec53}</UniqueIdentifier>
    </Filter>
    <Filter Include="Classes\Level\Layer">
      <UniqueIdentifier>{765be216-9128-4720-b999-2feacd6bd53b}</UniqueIdentifier>
    </Filter>
    <Filter Include="Classes\Level\Objects">
      <UniqueIdentifier>{963c78ba-dde1-40a0-abf8-24686d8ea8ec}</UniqueIdentifier>
    </Filter>
    <Filter Include="Classes\Physics">
      <UniqueIdentifier>{3aea1e60-867b-4eeb-bec4-e67feda8b995}</UniqueIdentifier>
    </Filter>
  </ItemGroup>
  <ItemGroup>
    <ClCompile Include="main.cpp">
      <Filter>win32</Filter>
    </ClCompile>
    <ClCompile Include="WinStringHelp.cpp">
      <Filter>win32</Filter>
    </ClCompile>
    <ClCompile Include="Classes\AppDelegate.cpp">
      <Filter>Classes</Filter>
    </ClCompile>
    <ClCompile Include="Classes\CLogfile.cpp">
      <Filter>Classes</Filter>
    </ClCompile>
    <ClCompile Include="Classes\CommandLineParameter.cpp">
      <Filter>Classes</Filter>
    </ClCompile>
    <ClCompile Include="Classes\CommonMain.cpp">
      <Filter>Classes</Filter>
    </ClCompile>
    <ClCompile Include="Classes\GameCamera.cpp">
      <Filter>Classes</Filter>
    </ClCompile>
    <ClCompile Include="Classes\InputAction.cpp">
      <Filter>Classes</Filter>
    </ClCompile>
    <ClCompile Include="Classes\InputManager.cpp">
      <Filter>Classes</Filter>
    </ClCompile>
    <ClCompile Include="Classes\IntroScene.cpp">
      <Filter>Classes</Filter>
    </ClCompile>
    <ClCompile Include="Classes\MainMenu.cpp">
      <Filter>Classes</Filter>
    </ClCompile>
    <ClCompile Include="Classes\StoryScene.cpp">
      <Filter>Classes</Filter>
    </ClCompile>
    <ClCompile Include="Classes\UI.cpp">
      <Filter>Classes</Filter>
    </ClCompile>
    <ClCompile Include="Classes\BadPolle.cpp">
      <Filter>Classes\Level\Enemy</Filter>
    </ClCompile>
    <ClCompile Include="Classes\Worm.cpp">
      <Filter>Classes\Level\Enemy</Filter>
    </ClCompile>
    <ClCompile Include="Classes\Snail.cpp">
      <Filter>Classes\Level\Enemy</Filter>
    </ClCompile>
    <ClCompile Include="Classes\SlimeHeap.cpp">
      <Filter>Classes\Level\Enemy</Filter>
    </ClCompile>
    <ClCompile Include="Classes\Mantis.cpp">
      <Filter>Classes\Level\Enemy</Filter>
    </ClCompile>
    <ClCompile Include="Classes\Loewenzahn.cpp">
      <Filter>Classes\Level\Enemy</Filter>
    </ClCompile>
    <ClCompile Include="Classes\TestLayer.cpp">
      <Filter>Classes\Level\Layer</Filter>
    </ClCompile>
    <ClCompile Include="Classes\ParallaxLayer.cpp">
      <Filter>Classes\Level\Layer</Filter>
    </ClCompile>
    <ClCompile Include="Classes\LevelTestScene.cpp">
      <Filter>Classes\Level\Layer</Filter>
    </ClCompile>
    <ClCompile Include="Classes\CMainLayer.cpp">
      <Filter>Classes\Level\Layer</Filter>
    </ClCompile>
    <ClCompile Include="Classes\CLevelLayer.cpp">
      <Filter>Classes\Level\Layer</Filter>
    </ClCompile>
    <ClCompile Include="Classes\Aircurrent.cpp">
      <Filter>Classes\Level\Objects</Filter>
    </ClCompile>
    <ClCompile Include="Classes\CBullet.cpp">
      <Filter>Classes\Level\Objects</Filter>
    </ClCompile>
    <ClCompile Include="Classes\CGround.cpp">
      <Filter>Classes\Level\Objects</Filter>
    </ClCompile>
    <ClCompile Include="Classes\CMoveable.cpp">
      <Filter>Classes\Level\Objects</Filter>
    </ClCompile>
    <ClCompile Include="Classes\Collectible.cpp">
      <Filter>Classes\Level\Objects</Filter>
    </ClCompile>
    <ClCompile Include="Classes\CPlayer.cpp">
      <Filter>Classes\Level\Objects</Filter>
    </ClCompile>
    <ClCompile Include="Classes\CShooter.cpp">
      <Filter>Classes\Level\Objects</Filter>
    </ClCompile>
    <ClCompile Include="Classes\CTexture.cpp">
      <Filter>Classes\Level\Objects</Filter>
    </ClCompile>
    <ClCompile Include="Classes\Nut.cpp">
      <Filter>Classes\Level\Objects</Filter>
    </ClCompile>
    <ClCompile Include="Classes\PlayerSpawner.cpp">
      <Filter>Classes\Level\Objects</Filter>
    </ClCompile>
    <ClCompile Include="Classes\Crystal.cpp">
      <Filter>Classes\Level\Objects</Filter>
    </ClCompile>
    <ClCompile Include="Classes\Level.cpp">
      <Filter>Classes\Level</Filter>
    </ClCompile>
    <ClCompile Include="Classes\LevelEditor.cpp">
      <Filter>Classes\Level</Filter>
    </ClCompile>
    <ClCompile Include="Classes\CompoundCollider.cpp">
      <Filter>Classes\Physics</Filter>
    </ClCompile>
    <ClCompile Include="Classes\PhysicsObject.cpp">
      <Filter>Classes\Physics</Filter>
    </ClCompile>
    <ClCompile Include="Classes\AABBCollider.cpp">
      <Filter>Classes\Physics</Filter>
    </ClCompile>
    <ClCompile Include="Classes\PhysicsEngine.cpp">
      <Filter>Classes\Physics</Filter>
    </ClCompile>
    <ClCompile Include="Classes\CreditScene.cpp">
      <Filter>Classes</Filter>
    </ClCompile>
  </ItemGroup>
  <ItemGroup>
    <ClInclude Include="main.h">
      <Filter>win32</Filter>
    </ClInclude>
    <ClInclude Include="WinStringHelp.h">
      <Filter>win32</Filter>
    </ClInclude>
    <ClInclude Include="Classes\Input.h">
      <Filter>Classes</Filter>
    </ClInclude>
    <ClInclude Include="Classes\InputAction.h">
      <Filter>Classes</Filter>
    </ClInclude>
    <ClInclude Include="Classes\InputManager.h">
      <Filter>Classes</Filter>
    </ClInclude>
    <ClInclude Include="Classes\AppDelegate.h">
      <Filter>Classes</Filter>
    </ClInclude>
    <ClInclude Include="Classes\BaseScene.h">
      <Filter>Classes</Filter>
    </ClInclude>
    <ClInclude Include="Classes\CommandLineParameter.h">
      <Filter>Classes</Filter>
    </ClInclude>
    <ClInclude Include="Classes\CommonMain.h">
      <Filter>Classes</Filter>
    </ClInclude>
    <ClInclude Include="Classes\GameCamera.h">
      <Filter>Classes</Filter>
    </ClInclude>
    <ClInclude Include="Classes\Input.h">
      <Filter>Classes</Filter>
    </ClInclude>
    <ClInclude Include="Classes\InputAction.h">
      <Filter>Classes</Filter>
    </ClInclude>
    <ClInclude Include="Classes\InputManager.h">
      <Filter>Classes</Filter>
    </ClInclude>
    <ClInclude Include="Classes\IntroScene.h">
      <Filter>Classes</Filter>
    </ClInclude>
    <ClInclude Include="Classes\Logfile.h">
      <Filter>Classes</Filter>
    </ClInclude>
    <ClInclude Include="Classes\MainMenu.h">
      <Filter>Classes</Filter>
    </ClInclude>
    <ClInclude Include="Classes\Singleton.h">
      <Filter>Classes</Filter>
    </ClInclude>
    <ClInclude Include="Classes\StoryScene.h">
      <Filter>Classes</Filter>
    </ClInclude>
    <ClInclude Include="Classes\UI.h">
      <Filter>Classes</Filter>
    </ClInclude>
    <ClInclude Include="Classes\BadPolle.h">
      <Filter>Classes\Level\Enemy</Filter>
    </ClInclude>
    <ClInclude Include="Classes\Worm.h">
      <Filter>Classes\Level\Enemy</Filter>
    </ClInclude>
    <ClInclude Include="Classes\Snail.h">
      <Filter>Classes\Level\Enemy</Filter>
    </ClInclude>
    <ClInclude Include="Classes\SlimeHeap.h">
      <Filter>Classes\Level\Enemy</Filter>
    </ClInclude>
    <ClInclude Include="Classes\Mantis.h">
      <Filter>Classes\Level\Enemy</Filter>
    </ClInclude>
    <ClInclude Include="Classes\Loewenzahn.h">
      <Filter>Classes\Level\Enemy</Filter>
    </ClInclude>
    <ClInclude Include="Classes\TestLayer.h">
      <Filter>Classes\Level\Layer</Filter>
    </ClInclude>
    <ClInclude Include="Classes\SecondVegetationLayer.h">
      <Filter>Classes\Level\Layer</Filter>
    </ClInclude>
    <ClInclude Include="Classes\ParallaxLayer.h">
      <Filter>Classes\Level\Layer</Filter>
    </ClInclude>
    <ClInclude Include="Classes\LevelTestScene.h">
      <Filter>Classes\Level\Layer</Filter>
    </ClInclude>
    <ClInclude Include="Classes\GroundLayer.h">
      <Filter>Classes\Level\Layer</Filter>
    </ClInclude>
    <ClInclude Include="Classes\MainLayer.h">
      <Filter>Classes\Level\Layer</Filter>
    </ClInclude>
    <ClInclude Include="Classes\Layers.h">
      <Filter>Classes\Level\Layer</Filter>
    </ClInclude>
    <ClInclude Include="Classes\Aircurrent.h">
      <Filter>Classes\Level\Objects</Filter>
    </ClInclude>
    <ClInclude Include="Classes\Bullet.h">
      <Filter>Classes\Level\Objects</Filter>
    </ClInclude>
    <ClInclude Include="Classes\Collectible.h">
      <Filter>Classes\Level\Objects</Filter>
    </ClInclude>
    <ClInclude Include="Classes\Crystal.h">
      <Filter>Classes\Level\Objects</Filter>
    </ClInclude>
    <ClInclude Include="Classes\Ground.h">
      <Filter>Classes\Level\Objects</Filter>
    </ClInclude>
    <ClInclude Include="Classes\Moveable.h">
      <Filter>Classes\Level\Objects</Filter>
    </ClInclude>
    <ClInclude Include="Classes\Nut.h">
      <Filter>Classes\Level\Objects</Filter>
    </ClInclude>
    <ClInclude Include="Classes\Player.h">
      <Filter>Classes\Level\Objects</Filter>
    </ClInclude>
    <ClInclude Include="Classes\PlayerSpawner.h">
      <Filter>Classes\Level\Objects</Filter>
    </ClInclude>
    <ClInclude Include="Classes\Texture.h">
      <Filter>Classes\Level\Objects</Filter>
    </ClInclude>
    <ClInclude Include="Classes\FirstVegetationLayer.h">
      <Filter>Classes\Level\Layer</Filter>
    </ClInclude>
    <ClInclude Include="Classes\Level.h">
      <Filter>Classes\Level</Filter>
    </ClInclude>
    <ClInclude Include="Classes\LevelEditor.h">
      <Filter>Classes\Level</Filter>
    </ClInclude>
    <ClInclude Include="Classes\LevelLayer.h">
      <Filter>Classes\Level\Layer</Filter>
    </ClInclude>
    <ClInclude Include="Classes\Shooter.h">
      <Filter>Classes\Level\Objects</Filter>
    </ClInclude>
    <ClInclude Include="Classes\Collider.h">
      <Filter>Classes\Physics</Filter>
    </ClInclude>
    <ClInclude Include="Classes\PhysicsObject.h">
      <Filter>Classes\Physics</Filter>
    </ClInclude>
    <ClInclude Include="Classes\PhysicsEngine.h">
      <Filter>Classes\Physics</Filter>
    </ClInclude>
    <ClInclude Include="Classes\Physic.h">
      <Filter>Classes\Physics</Filter>
    </ClInclude>
    <ClInclude Include="Classes\CreditScene.h">
      <Filter>Classes</Filter>
    </ClInclude>
  </ItemGroup>
  <ItemGroup>
    <ResourceCompile Include="game.rc">
      <Filter>resource</Filter>
    </ResourceCompile>
  </ItemGroup>
  <ItemGroup>
    <None Include="ClassDiagram.cd" />
    <None Include="ClassDiagram1.cd" />
  </ItemGroup>
</Project>