<?xml version="1.0" encoding="utf-8"?>
<Project ToolsVersion="4.0" xmlns="http://schemas.microsoft.com/developer/msbuild/2003">
  <ItemGroup>
    <Filter Include="win32">
      <UniqueIdentifier>{84a8ebd7-7cf0-47f6-b75e-d441df67da40}</UniqueIdentifier>
    </Filter>
    <Filter Include="Classes">
      <UniqueIdentifier>{bb6c862e-70e9-49d9-81b7-3829a6f50471}</UniqueIdentifier>
    </Filter>
    <Filter Include="resource">
      <UniqueIdentifier>{715254bc-d70b-4ec5-bf29-467dd3ace079}</UniqueIdentifier>
    </Filter>
    <Filter Include="Classes\Levelsystem">
      <UniqueIdentifier>{a144a653-4252-4cc3-98aa-f47437e560ce}</UniqueIdentifier>
    </Filter>
    <Filter Include="Classes\Levelsystem\Layers">
      <UniqueIdentifier>{125594e0-a579-4ff2-9766-25847ff2e5a8}</UniqueIdentifier>
    </Filter>
    <Filter Include="Classes\Levelsystem\Objects">
      <UniqueIdentifier>{25ac537c-b951-44b3-9431-38a3b6773298}</UniqueIdentifier>
    </Filter>
  </ItemGroup>
  <ItemGroup>
    <ClCompile Include="main.cpp">
      <Filter>win32</Filter>
    </ClCompile>
    <ClCompile Include="WinStringHelp.cpp">
      <Filter>win32</Filter>
    </ClCompile>
    <ClCompile Include="Classes\CommandLineParameter.cpp">
      <Filter>Classes</Filter>
    </ClCompile>
    <ClCompile Include="Classes\CommonMain.cpp">
      <Filter>Classes</Filter>
    </ClCompile>
    <ClCompile Include="Classes\GLES-Render.cpp">
      <Filter>Classes</Filter>
    </ClCompile>
    <ClCompile Include="Classes\HelloWorldScene.cpp">
      <Filter>Classes</Filter>
    </ClCompile>
    <ClCompile Include="Classes\MainMenu.cpp">
      <Filter>Classes</Filter>
    </ClCompile>
    <ClCompile Include="Classes\AppDelegate.cpp">
      <Filter>Classes</Filter>
    </ClCompile>
    <ClCompile Include="Classes\CLogfile.cpp">
      <Filter>Classes</Filter>
    </ClCompile>
    <ClCompile Include="Classes\Levelsystem\Level.cpp">
      <Filter>Classes\Levelsystem</Filter>
    </ClCompile>
    <ClCompile Include="Classes\Levelsystem\GroundBox.cpp">
      <Filter>Classes\Levelsystem</Filter>
    </ClCompile>
    <ClCompile Include="Classes\TestLayer.cpp">
      <Filter>Classes</Filter>
    </ClCompile>
    <ClCompile Include="Classes\InputAction.cpp" />
    <ClCompile Include="Classes\InputManager.cpp" />
    <ClCompile Include="Classes\Levelsystem\Objects\CTexture.cpp">
      <Filter>Classes\Levelsystem\Objects</Filter>
    </ClCompile>
  </ItemGroup>
  <ItemGroup>
    <ClInclude Include="main.h">
      <Filter>win32</Filter>
    </ClInclude>
    <ClInclude Include="WinStringHelp.h">
      <Filter>win32</Filter>
    </ClInclude>
    <ClInclude Include="Classes\CommandLineParameter.h">
      <Filter>Classes</Filter>
    </ClInclude>
    <ClInclude Include="Classes\CommonMain.h">
      <Filter>Classes</Filter>
    </ClInclude>
    <ClInclude Include="Classes\GLES-Render.h">
      <Filter>Classes</Filter>
    </ClInclude>
    <ClInclude Include="Classes\HelloWorldScene.h">
      <Filter>Classes</Filter>
    </ClInclude>
    <ClInclude Include="Classes\Logfile.h">
      <Filter>Classes</Filter>
    </ClInclude>
    <ClInclude Include="Classes\MainMenu.h">
      <Filter>Classes</Filter>
    </ClInclude>
    <ClInclude Include="Classes\Singleton.h">
      <Filter>Classes</Filter>
    </ClInclude>
    <ClInclude Include="Classes\AppDelegate.h">
      <Filter>Classes</Filter>
    </ClInclude>
    <ClInclude Include="Classes\BaseScene.h">
      <Filter>Classes</Filter>
    </ClInclude>
    <ClInclude Include="Classes\Levelsystem\Level.h">
      <Filter>Classes\Levelsystem</Filter>
    </ClInclude>
    <ClInclude Include="Classes\Levelsystem\GroundBox.h">
      <Filter>Classes\Levelsystem</Filter>
    </ClInclude>
    <ClInclude Include="Classes\TestLayer.h">
      <Filter>Classes</Filter>
    </ClInclude>
    <ClInclude Include="Classes\Input.h" />
    <ClInclude Include="Classes\InputAction.h" />
    <ClInclude Include="Classes\InputManager.h" />
    <ClInclude Include="Classes\Levelsystem\Layers\FirstVegetationLayer.h">
      <Filter>Classes\Levelsystem\Layers</Filter>
    </ClInclude>
    <ClInclude Include="Classes\Levelsystem\LevelLayer.h">
      <Filter>Classes\Levelsystem</Filter>
    </ClInclude>
    <ClInclude Include="Classes\Levelsystem\Layers\MainLayer.h">
      <Filter>Classes\Levelsystem\Layers</Filter>
    </ClInclude>
    <ClInclude Include="Classes\Levelsystem\Layers\SecondVegetationLayer.h">
      <Filter>Classes\Levelsystem\Layers</Filter>
    </ClInclude>
    <ClInclude Include="Classes\Levelsystem\Layers\GroundLayer.h">
      <Filter>Classes\Levelsystem\Layers</Filter>
    </ClInclude>
    <ClInclude Include="Classes\Levelsystem\Layers\FirstParallaxLayer.h">
      <Filter>Classes\Levelsystem\Layers</Filter>
    </ClInclude>
    <ClInclude Include="Classes\Levelsystem\Layers\SecondParallaxLayer.h">
      <Filter>Classes\Levelsystem\Layers</Filter>
    </ClInclude>
    <ClInclude Include="Classes\Levelsystem\Layers\ThirdParallaxLayer.h">
      <Filter>Classes\Levelsystem\Layers</Filter>
    </ClInclude>
    <ClInclude Include="Classes\Levelsystem\Layers\HorizontParallaxLayer.h">
      <Filter>Classes\Levelsystem\Layers</Filter>
    </ClInclude>
    <ClInclude Include="Classes\Levelsystem\Layers\SkyLayer.h">
      <Filter>Classes\Levelsystem\Layers</Filter>
    </ClInclude>
    <ClInclude Include="Classes\Levelsystem\Objects\Texture.h">
      <Filter>Classes\Levelsystem\Objects</Filter>
    </ClInclude>
  </ItemGroup>
  <ItemGroup>
    <ResourceCompile Include="game.rc">
      <Filter>resource</Filter>
    </ResourceCompile>
  </ItemGroup>
</Project>